dependencies:
- name: cloudnative-pg
  repository: https://cloudnative-pg.github.io/charts
  version: 0.26.0
- name: opensearch
  repository: https://opensearch-project.github.io/helm-charts
  version: 3.6.0
- name: ingress-nginx
  repository: https://kubernetes.github.io/ingress-nginx
  version: 4.13.3
- name: redis-operator
  repository: https://ot-container-kit.github.io/helm-charts
  version: 0.24.0
- name: redis
  repository: https://ot-container-kit.github.io/helm-charts
  version: 0.16.6
- name: minio
  repository: https://charts.min.io/
  version: 5.4.0
- name: code-interpreter
  repository: https://onyx-dot-app.github.io/python-sandbox/
  version: 0.4.3
digest: sha256:374deb7be92d1545c6981e99461414b6e4a89a1faf162882a9f66b824ce4d8c1
generated: "2026-06-02T10:30:32.542373-07:00"
